
Microsoft Visual Studio Solution File, Format Version 12.00
# Visual Studio Version 17
VisualStudioVersion = 17.0.31903.59
MinimumVisualStudioVersion = 10.0.40219.1
Project("{2150E333-8FDC-42A3-9474-1A3956D46DE8}") = "src", "src", "{D9507719-28B2-4017-BA2C-B2C2BC1155CF}"
EndProject
Project("{FAE04EC0-301F-11D3-BF4B-00C04F79EFBC}") = "Aiursoft.CSTools", "src\Aiursoft.CSTools\Aiursoft.CSTools.csproj", "{8B6FBF29-A524-4A76-B59D-B2AE3BA651C4}"
EndProject
Project("{2150E333-8FDC-42A3-9474-1A3956D46DE8}") = "tests", "tests", "{15B10C14-12EF-4D22-8621-8A4C50EEE6E3}"
EndProject
Project("{FAE04EC0-301F-11D3-BF4B-00C04F79EFBC}") = "Aiursoft.CSTools.Tests", "tests\Aiursoft.CSTools.Tests\Aiursoft.CSTools.Tests.csproj", "{783A5B33-C575-4CB6-98F7-3932E06B596E}"
EndProject
Global
	GlobalSection(SolutionConfigurationPlatforms) = preSolution
		Debug|Any CPU = Debug|Any CPU
		Release|Any CPU = Release|Any CPU
	EndGlobalSection
	GlobalSection(SolutionProperties) = preSolution
		HideSolutionNode = FALSE
	EndGlobalSection
	GlobalSection(NestedProjects) = preSolution
		{8B6FBF29-A524-4A76-B59D-B2AE3BA651C4} = {D9507719-28B2-4017-BA2C-B2C2BC1155CF}
		{783A5B33-C575-4CB6-98F7-3932E06B596E} = {15B10C14-12EF-4D22-8621-8A4C50EEE6E3}
	EndGlobalSection
	GlobalSection(ProjectConfigurationPlatforms) = postSolution
		{8B6FBF29-A524-4A76-B59D-B2AE3BA651C4}.Debug|Any CPU.ActiveCfg = Debug|Any CPU
		{8B6FBF29-A524-4A76-B59D-B2AE3BA651C4}.Debug|Any CPU.Build.0 = Debug|Any CPU
		{8B6FBF29-A524-4A76-B59D-B2AE3BA651C4}.Release|Any CPU.ActiveCfg = Release|Any CPU
		{8B6FBF29-A524-4A76-B59D-B2AE3BA651C4}.Release|Any CPU.Build.0 = Release|Any CPU
		{783A5B33-C575-4CB6-98F7-3932E06B596E}.Debug|Any CPU.ActiveCfg = Debug|Any CPU
		{783A5B33-C575-4CB6-98F7-3932E06B596E}.Debug|Any CPU.Build.0 = Debug|Any CPU
		{783A5B33-C575-4CB6-98F7-3932E06B596E}.Release|Any CPU.ActiveCfg = Release|Any CPU
		{783A5B33-C575-4CB6-98F7-3932E06B596E}.Release|Any CPU.Build.0 = Release|Any CPU
	EndGlobalSection
EndGlobal
